
Microsoft Visual Studio Solution File, Format Version 12.00
# Visual Studio 2013
VisualStudioVersion = 12.0.30723.0
MinimumVisualStudioVersion = 10.0.40219.1
Project("{2150E333-8FDC-42A3-9474-1A3956D46DE8}") = "Turistv3", "Turistv3", "{86C98058-4823-419B-96AF-9FF3418D3B38}"
	ProjectSection(SolutionItems) = preProject
		App5\App5.Windows\Turist Sequence.sequencediagram = App5\App5.Windows\Turist Sequence.sequencediagram
		App5\App5.Windows\Turist Sequence.sequencediagram.layout = App5\App5.Windows\Turist Sequence.sequencediagram.layout
	EndProjectSection
EndProject
Project("{D954291E-2A0B-460D-934E-DC6B0785DB48}") = "App5.Shared", "App5\App5.Shared\App5.Shared.shproj", "{446BCAB8-3FCF-4360-AF03-584B99DCF75B}"
EndProject
Project("{FAE04EC0-301F-11D3-BF4B-00C04F79EFBC}") = "Turistv3.Windows", "App5\App5.Windows\Turistv3.Windows.csproj", "{6AA66346-7AEB-4EB7-B41B-C5E8882A2F94}"
EndProject
Project("{F088123C-0E9E-452A-89E6-6BA2F21D5CAC}") = "Class Diagram", "Class Diagram\Class Diagram.modelproj", "{86613DB4-2A14-4ED2-99B5-2036DD401D2A}"
EndProject
Project("{F088123C-0E9E-452A-89E6-6BA2F21D5CAC}") = "Design Class Diagram", "Design Class Diagram\Design Class Diagram.modelproj", "{B449B64D-62BB-4B90-8B0C-3A40BACA195B}"
EndProject
Project("{2150E333-8FDC-42A3-9474-1A3956D46DE8}") = "ListView", "ListView", "{319C9353-6BDA-497A-AED4-CFB54CBDA001}"
EndProject
Project("{D954291E-2A0B-460D-934E-DC6B0785DB48}") = "ListView.Shared", "ListView\ListView.Shared\ListView.Shared.shproj", "{5FF1DA21-887F-47D1-A17E-2E472CB88DE4}"
EndProject
Project("{FAE04EC0-301F-11D3-BF4B-00C04F79EFBC}") = "ListView.Windows", "ListView\ListView.Windows\ListView.Windows.csproj", "{512D3D4B-736D-4C4A-94DC-0FD8F449AB8C}"
EndProject
Project("{FAE04EC0-301F-11D3-BF4B-00C04F79EFBC}") = "DemoMVVMPersonUdenNotification", "..\..\..\Desktop\DemoMVVMPersonUdenNotification\DemoMVVMPersonUdenNotification\DemoMVVMPersonUdenNotification.csproj", "{8D771E4F-FD4C-446F-A69F-6CC55472B18B}"
EndProject
Project("{FAE04EC0-301F-11D3-BF4B-00C04F79EFBC}") = "CollectionOfElephants", "..\..\..\Documents\Visual Studio 2013\Projects\Elefanter\CollectionOfElephants-master\CollectionOfElephants\CollectionOfElephants.csproj", "{57C0D1A6-BD0A-4B6C-BA51-9B56046960E0}"
EndProject
Project("{FAE04EC0-301F-11D3-BF4B-00C04F79EFBC}") = "list update test.Windows", "..\..\..\Documents\Visual Studio 2013\Projects\list update test\list update test\list update test.Windows\list update test.Windows.csproj", "{DBDC4201-40F3-4066-AEAA-A42590EF5F2A}"
EndProject
Global
	GlobalSection(SharedMSBuildProjectFiles) = preSolution
		App5\App5.Shared\App5.Shared.projitems*{6aa66346-7aeb-4eb7-b41b-c5e8882a2f94}*SharedItemsImports = 4
		ListView\ListView.Shared\ListView.Shared.projitems*{5ff1da21-887f-47d1-a17e-2e472cb88de4}*SharedItemsImports = 13
		App5\App5.Shared\App5.Shared.projitems*{446bcab8-3fcf-4360-af03-584b99dcf75b}*SharedItemsImports = 13
		ListView\ListView.Shared\ListView.Shared.projitems*{512d3d4b-736d-4c4a-94dc-0fd8f449ab8c}*SharedItemsImports = 4
		..\..\..\Documents\Visual Studio 2013\Projects\list update test\list update test\list update test.Shared\list update test.Shared.projitems*{dbdc4201-40f3-4066-aeaa-a42590ef5f2a}*SharedItemsImports = 4
	EndGlobalSection
	GlobalSection(SolutionConfigurationPlatforms) = preSolution
		Debug|Any CPU = Debug|Any CPU
		Debug|ARM = Debug|ARM
		Debug|Mixed Platforms = Debug|Mixed Platforms
		Debug|x64 = Debug|x64
		Debug|x86 = Debug|x86
		Release|Any CPU = Release|Any CPU
		Release|ARM = Release|ARM
		Release|Mixed Platforms = Release|Mixed Platforms
		Release|x64 = Release|x64
		Release|x86 = Release|x86
	EndGlobalSection
	GlobalSection(ProjectConfigurationPlatforms) = postSolution
		{6AA66346-7AEB-4EB7-B41B-C5E8882A2F94}.Debug|Any CPU.ActiveCfg = Debug|Any CPU
		{6AA66346-7AEB-4EB7-B41B-C5E8882A2F94}.Debug|Any CPU.Build.0 = Debug|Any CPU
		{6AA66346-7AEB-4EB7-B41B-C5E8882A2F94}.Debug|Any CPU.Deploy.0 = Debug|Any CPU
		{6AA66346-7AEB-4EB7-B41B-C5E8882A2F94}.Debug|ARM.ActiveCfg = Debug|ARM
		{6AA66346-7AEB-4EB7-B41B-C5E8882A2F94}.Debug|ARM.Build.0 = Debug|ARM
		{6AA66346-7AEB-4EB7-B41B-C5E8882A2F94}.Debug|ARM.Deploy.0 = Debug|ARM
		{6AA66346-7AEB-4EB7-B41B-C5E8882A2F94}.Debug|Mixed Platforms.ActiveCfg = Debug|x86
		{6AA66346-7AEB-4EB7-B41B-C5E8882A2F94}.Debug|Mixed Platforms.Build.0 = Debug|x86
		{6AA66346-7AEB-4EB7-B41B-C5E8882A2F94}.Debug|Mixed Platforms.Deploy.0 = Debug|x86
		{6AA66346-7AEB-4EB7-B41B-C5E8882A2F94}.Debug|x64.ActiveCfg = Debug|x64
		{6AA66346-7AEB-4EB7-B41B-C5E8882A2F94}.Debug|x64.Build.0 = Debug|x64
		{6AA66346-7AEB-4EB7-B41B-C5E8882A2F94}.Debug|x64.Deploy.0 = Debug|x64
		{6AA66346-7AEB-4EB7-B41B-C5E8882A2F94}.Debug|x86.ActiveCfg = Debug|x86
		{6AA66346-7AEB-4EB7-B41B-C5E8882A2F94}.Debug|x86.Build.0 = Debug|x86
		{6AA66346-7AEB-4EB7-B41B-C5E8882A2F94}.Debug|x86.Deploy.0 = Debug|x86
		{6AA66346-7AEB-4EB7-B41B-C5E8882A2F94}.Release|Any CPU.ActiveCfg = Release|Any CPU
		{6AA66346-7AEB-4EB7-B41B-C5E8882A2F94}.Release|Any CPU.Build.0 = Release|Any CPU
		{6AA66346-7AEB-4EB7-B41B-C5E8882A2F94}.Release|Any CPU.Deploy.0 = Release|Any CPU
		{6AA66346-7AEB-4EB7-B41B-C5E8882A2F94}.Release|ARM.ActiveCfg = Release|ARM
		{6AA66346-7AEB-4EB7-B41B-C5E8882A2F94}.Release|ARM.Build.0 = Release|ARM
		{6AA66346-7AEB-4EB7-B41B-C5E8882A2F94}.Release|ARM.Deploy.0 = Release|ARM
		{6AA66346-7AEB-4EB7-B41B-C5E8882A2F94}.Release|Mixed Platforms.ActiveCfg = Release|x86
		{6AA66346-7AEB-4EB7-B41B-C5E8882A2F94}.Release|Mixed Platforms.Build.0 = Release|x86
		{6AA66346-7AEB-4EB7-B41B-C5E8882A2F94}.Release|Mixed Platforms.Deploy.0 = Release|x86
		{6AA66346-7AEB-4EB7-B41B-C5E8882A2F94}.Release|x64.ActiveCfg = Release|x64
		{6AA66346-7AEB-4EB7-B41B-C5E8882A2F94}.Release|x64.Build.0 = Release|x64
		{6AA66346-7AEB-4EB7-B41B-C5E8882A2F94}.Release|x64.Deploy.0 = Release|x64
		{6AA66346-7AEB-4EB7-B41B-C5E8882A2F94}.Release|x86.ActiveCfg = Release|x86
		{6AA66346-7AEB-4EB7-B41B-C5E8882A2F94}.Release|x86.Build.0 = Release|x86
		{6AA66346-7AEB-4EB7-B41B-C5E8882A2F94}.Release|x86.Deploy.0 = Release|x86
		{86613DB4-2A14-4ED2-99B5-2036DD401D2A}.Debug|Any CPU.ActiveCfg = Debug|Any CPU
		{86613DB4-2A14-4ED2-99B5-2036DD401D2A}.Debug|Any CPU.Build.0 = Debug|Any CPU
		{86613DB4-2A14-4ED2-99B5-2036DD401D2A}.Debug|ARM.ActiveCfg = Debug|Any CPU
		{86613DB4-2A14-4ED2-99B5-2036DD401D2A}.Debug|Mixed Platforms.ActiveCfg = Debug|Any CPU
		{86613DB4-2A14-4ED2-99B5-2036DD401D2A}.Debug|Mixed Platforms.Build.0 = Debug|Any CPU
		{86613DB4-2A14-4ED2-99B5-2036DD401D2A}.Debug|x64.ActiveCfg = Debug|Any CPU
		{86613DB4-2A14-4ED2-99B5-2036DD401D2A}.Debug|x86.ActiveCfg = Debug|Any CPU
		{86613DB4-2A14-4ED2-99B5-2036DD401D2A}.Release|Any CPU.ActiveCfg = Release|Any CPU
		{86613DB4-2A14-4ED2-99B5-2036DD401D2A}.Release|Any CPU.Build.0 = Release|Any CPU
		{86613DB4-2A14-4ED2-99B5-2036DD401D2A}.Release|ARM.ActiveCfg = Release|Any CPU
		{86613DB4-2A14-4ED2-99B5-2036DD401D2A}.Release|Mixed Platforms.ActiveCfg = Release|Any CPU
		{86613DB4-2A14-4ED2-99B5-2036DD401D2A}.Release|Mixed Platforms.Build.0 = Release|Any CPU
		{86613DB4-2A14-4ED2-99B5-2036DD401D2A}.Release|x64.ActiveCfg = Release|Any CPU
		{86613DB4-2A14-4ED2-99B5-2036DD401D2A}.Release|x86.ActiveCfg = Release|Any CPU
		{B449B64D-62BB-4B90-8B0C-3A40BACA195B}.Debug|Any CPU.ActiveCfg = Debug|Any CPU
		{B449B64D-62BB-4B90-8B0C-3A40BACA195B}.Debug|Any CPU.Build.0 = Debug|Any CPU
		{B449B64D-62BB-4B90-8B0C-3A40BACA195B}.Debug|ARM.ActiveCfg = Debug|Any CPU
		{B449B64D-62BB-4B90-8B0C-3A40BACA195B}.Debug|Mixed Platforms.ActiveCfg = Debug|Any CPU
		{B449B64D-62BB-4B90-8B0C-3A40BACA195B}.Debug|Mixed Platforms.Build.0 = Debug|Any CPU
		{B449B64D-62BB-4B90-8B0C-3A40BACA195B}.Debug|x64.ActiveCfg = Debug|Any CPU
		{B449B64D-62BB-4B90-8B0C-3A40BACA195B}.Debug|x86.ActiveCfg = Debug|Any CPU
		{B449B64D-62BB-4B90-8B0C-3A40BACA195B}.Release|Any CPU.ActiveCfg = Release|Any CPU
		{B449B64D-62BB-4B90-8B0C-3A40BACA195B}.Release|Any CPU.Build.0 = Release|Any CPU
		{B449B64D-62BB-4B90-8B0C-3A40BACA195B}.Release|ARM.ActiveCfg = Release|Any CPU
		{B449B64D-62BB-4B90-8B0C-3A40BACA195B}.Release|Mixed Platforms.ActiveCfg = Release|Any CPU
		{B449B64D-62BB-4B90-8B0C-3A40BACA195B}.Release|Mixed Platforms.Build.0 = Release|Any CPU
		{B449B64D-62BB-4B90-8B0C-3A40BACA195B}.Release|x64.ActiveCfg = Release|Any CPU
		{B449B64D-62BB-4B90-8B0C-3A40BACA195B}.Release|x86.ActiveCfg = Release|Any CPU
		{512D3D4B-736D-4C4A-94DC-0FD8F449AB8C}.Debug|Any CPU.ActiveCfg = Debug|Any CPU
		{512D3D4B-736D-4C4A-94DC-0FD8F449AB8C}.Debug|Any CPU.Build.0 = Debug|Any CPU
		{512D3D4B-736D-4C4A-94DC-0FD8F449AB8C}.Debug|Any CPU.Deploy.0 = Debug|Any CPU
		{512D3D4B-736D-4C4A-94DC-0FD8F449AB8C}.Debug|ARM.ActiveCfg = Debug|ARM
		{512D3D4B-736D-4C4A-94DC-0FD8F449AB8C}.Debug|ARM.Build.0 = Debug|ARM
		{512D3D4B-736D-4C4A-94DC-0FD8F449AB8C}.Debug|ARM.Deploy.0 = Debug|ARM
		{512D3D4B-736D-4C4A-94DC-0FD8F449AB8C}.Debug|Mixed Platforms.ActiveCfg = Debug|x86
		{512D3D4B-736D-4C4A-94DC-0FD8F449AB8C}.Debug|Mixed Platforms.Build.0 = Debug|x86
		{512D3D4B-736D-4C4A-94DC-0FD8F449AB8C}.Debug|Mixed Platforms.Deploy.0 = Debug|x86
		{512D3D4B-736D-4C4A-94DC-0FD8F449AB8C}.Debug|x64.ActiveCfg = Debug|x64
		{512D3D4B-736D-4C4A-94DC-0FD8F449AB8C}.Debug|x64.Build.0 = Debug|x64
		{512D3D4B-736D-4C4A-94DC-0FD8F449AB8C}.Debug|x64.Deploy.0 = Debug|x64
		{512D3D4B-736D-4C4A-94DC-0FD8F449AB8C}.Debug|x86.ActiveCfg = Debug|x86
		{512D3D4B-736D-4C4A-94DC-0FD8F449AB8C}.Debug|x86.Build.0 = Debug|x86
		{512D3D4B-736D-4C4A-94DC-0FD8F449AB8C}.Debug|x86.Deploy.0 = Debug|x86
		{512D3D4B-736D-4C4A-94DC-0FD8F449AB8C}.Release|Any CPU.ActiveCfg = Release|Any CPU
		{512D3D4B-736D-4C4A-94DC-0FD8F449AB8C}.Release|Any CPU.Build.0 = Release|Any CPU
		{512D3D4B-736D-4C4A-94DC-0FD8F449AB8C}.Release|Any CPU.Deploy.0 = Release|Any CPU
		{512D3D4B-736D-4C4A-94DC-0FD8F449AB8C}.Release|ARM.ActiveCfg = Release|ARM
		{512D3D4B-736D-4C4A-94DC-0FD8F449AB8C}.Release|ARM.Build.0 = Release|ARM
		{512D3D4B-736D-4C4A-94DC-0FD8F449AB8C}.Release|ARM.Deploy.0 = Release|ARM
		{512D3D4B-736D-4C4A-94DC-0FD8F449AB8C}.Release|Mixed Platforms.ActiveCfg = Release|x86
		{512D3D4B-736D-4C4A-94DC-0FD8F449AB8C}.Release|Mixed Platforms.Build.0 = Release|x86
		{512D3D4B-736D-4C4A-94DC-0FD8F449AB8C}.Release|Mixed Platforms.Deploy.0 = Release|x86
		{512D3D4B-736D-4C4A-94DC-0FD8F449AB8C}.Release|x64.ActiveCfg = Release|x64
		{512D3D4B-736D-4C4A-94DC-0FD8F449AB8C}.Release|x64.Build.0 = Release|x64
		{512D3D4B-736D-4C4A-94DC-0FD8F449AB8C}.Release|x64.Deploy.0 = Release|x64
		{512D3D4B-736D-4C4A-94DC-0FD8F449AB8C}.Release|x86.ActiveCfg = Release|x86
		{512D3D4B-736D-4C4A-94DC-0FD8F449AB8C}.Release|x86.Build.0 = Release|x86
		{512D3D4B-736D-4C4A-94DC-0FD8F449AB8C}.Release|x86.Deploy.0 = Release|x86
		{8D771E4F-FD4C-446F-A69F-6CC55472B18B}.Debug|Any CPU.ActiveCfg = Debug|Any CPU
		{8D771E4F-FD4C-446F-A69F-6CC55472B18B}.Debug|Any CPU.Build.0 = Debug|Any CPU
		{8D771E4F-FD4C-446F-A69F-6CC55472B18B}.Debug|Any CPU.Deploy.0 = Debug|Any CPU
		{8D771E4F-FD4C-446F-A69F-6CC55472B18B}.Debug|ARM.ActiveCfg = Debug|ARM
		{8D771E4F-FD4C-446F-A69F-6CC55472B18B}.Debug|ARM.Build.0 = Debug|ARM
		{8D771E4F-FD4C-446F-A69F-6CC55472B18B}.Debug|ARM.Deploy.0 = Debug|ARM
		{8D771E4F-FD4C-446F-A69F-6CC55472B18B}.Debug|Mixed Platforms.ActiveCfg = Debug|x86
		{8D771E4F-FD4C-446F-A69F-6CC55472B18B}.Debug|Mixed Platforms.Build.0 = Debug|x86
		{8D771E4F-FD4C-446F-A69F-6CC55472B18B}.Debug|Mixed Platforms.Deploy.0 = Debug|x86
		{8D771E4F-FD4C-446F-A69F-6CC55472B18B}.Debug|x64.ActiveCfg = Debug|x64
		{8D771E4F-FD4C-446F-A69F-6CC55472B18B}.Debug|x64.Build.0 = Debug|x64
		{8D771E4F-FD4C-446F-A69F-6CC55472B18B}.Debug|x64.Deploy.0 = Debug|x64
		{8D771E4F-FD4C-446F-A69F-6CC55472B18B}.Debug|x86.ActiveCfg = Debug|x86
		{8D771E4F-FD4C-446F-A69F-6CC55472B18B}.Debug|x86.Build.0 = Debug|x86
		{8D771E4F-FD4C-446F-A69F-6CC55472B18B}.Debug|x86.Deploy.0 = Debug|x86
		{8D771E4F-FD4C-446F-A69F-6CC55472B18B}.Release|Any CPU.ActiveCfg = Release|Any CPU
		{8D771E4F-FD4C-446F-A69F-6CC55472B18B}.Release|Any CPU.Build.0 = Release|Any CPU
		{8D771E4F-FD4C-446F-A69F-6CC55472B18B}.Release|Any CPU.Deploy.0 = Release|Any CPU
		{8D771E4F-FD4C-446F-A69F-6CC55472B18B}.Release|ARM.ActiveCfg = Release|ARM
		{8D771E4F-FD4C-446F-A69F-6CC55472B18B}.Release|ARM.Build.0 = Release|ARM
		{8D771E4F-FD4C-446F-A69F-6CC55472B18B}.Release|ARM.Deploy.0 = Release|ARM
		{8D771E4F-FD4C-446F-A69F-6CC55472B18B}.Release|Mixed Platforms.ActiveCfg = Release|x86
		{8D771E4F-FD4C-446F-A69F-6CC55472B18B}.Release|Mixed Platforms.Build.0 = Release|x86
		{8D771E4F-FD4C-446F-A69F-6CC55472B18B}.Release|Mixed Platforms.Deploy.0 = Release|x86
		{8D771E4F-FD4C-446F-A69F-6CC55472B18B}.Release|x64.ActiveCfg = Release|x64
		{8D771E4F-FD4C-446F-A69F-6CC55472B18B}.Release|x64.Build.0 = Release|x64
		{8D771E4F-FD4C-446F-A69F-6CC55472B18B}.Release|x64.Deploy.0 = Release|x64
		{8D771E4F-FD4C-446F-A69F-6CC55472B18B}.Release|x86.ActiveCfg = Release|x86
		{8D771E4F-FD4C-446F-A69F-6CC55472B18B}.Release|x86.Build.0 = Release|x86
		{8D771E4F-FD4C-446F-A69F-6CC55472B18B}.Release|x86.Deploy.0 = Release|x86
		{57C0D1A6-BD0A-4B6C-BA51-9B56046960E0}.Debug|Any CPU.ActiveCfg = Debug|Any CPU
		{57C0D1A6-BD0A-4B6C-BA51-9B56046960E0}.Debug|Any CPU.Build.0 = Debug|Any CPU
		{57C0D1A6-BD0A-4B6C-BA51-9B56046960E0}.Debug|Any CPU.Deploy.0 = Debug|Any CPU
		{57C0D1A6-BD0A-4B6C-BA51-9B56046960E0}.Debug|ARM.ActiveCfg = Debug|ARM
		{57C0D1A6-BD0A-4B6C-BA51-9B56046960E0}.Debug|ARM.Build.0 = Debug|ARM
		{57C0D1A6-BD0A-4B6C-BA51-9B56046960E0}.Debug|ARM.Deploy.0 = Debug|ARM
		{57C0D1A6-BD0A-4B6C-BA51-9B56046960E0}.Debug|Mixed Platforms.ActiveCfg = Debug|x86
		{57C0D1A6-BD0A-4B6C-BA51-9B56046960E0}.Debug|Mixed Platforms.Build.0 = Debug|x86
		{57C0D1A6-BD0A-4B6C-BA51-9B56046960E0}.Debug|Mixed Platforms.Deploy.0 = Debug|x86
		{57C0D1A6-BD0A-4B6C-BA51-9B56046960E0}.Debug|x64.ActiveCfg = Debug|x64
		{57C0D1A6-BD0A-4B6C-BA51-9B56046960E0}.Debug|x64.Build.0 = Debug|x64
		{57C0D1A6-BD0A-4B6C-BA51-9B56046960E0}.Debug|x64.Deploy.0 = Debug|x64
		{57C0D1A6-BD0A-4B6C-BA51-9B56046960E0}.Debug|x86.ActiveCfg = Debug|x86
		{57C0D1A6-BD0A-4B6C-BA51-9B56046960E0}.Debug|x86.Build.0 = Debug|x86
		{57C0D1A6-BD0A-4B6C-BA51-9B56046960E0}.Debug|x86.Deploy.0 = Debug|x86
		{57C0D1A6-BD0A-4B6C-BA51-9B56046960E0}.Release|Any CPU.ActiveCfg = Release|Any CPU
		{57C0D1A6-BD0A-4B6C-BA51-9B56046960E0}.Release|Any CPU.Build.0 = Release|Any CPU
		{57C0D1A6-BD0A-4B6C-BA51-9B56046960E0}.Release|Any CPU.Deploy.0 = Release|Any CPU
		{57C0D1A6-BD0A-4B6C-BA51-9B56046960E0}.Release|ARM.ActiveCfg = Release|ARM
		{57C0D1A6-BD0A-4B6C-BA51-9B56046960E0}.Release|ARM.Build.0 = Release|ARM
		{57C0D1A6-BD0A-4B6C-BA51-9B56046960E0}.Release|ARM.Deploy.0 = Release|ARM
		{57C0D1A6-BD0A-4B6C-BA51-9B56046960E0}.Release|Mixed Platforms.ActiveCfg = Release|x86
		{57C0D1A6-BD0A-4B6C-BA51-9B56046960E0}.Release|Mixed Platforms.Build.0 = Release|x86
		{57C0D1A6-BD0A-4B6C-BA51-9B56046960E0}.Release|Mixed Platforms.Deploy.0 = Release|x86
		{57C0D1A6-BD0A-4B6C-BA51-9B56046960E0}.Release|x64.ActiveCfg = Release|x64
		{57C0D1A6-BD0A-4B6C-BA51-9B56046960E0}.Release|x64.Build.0 = Release|x64
		{57C0D1A6-BD0A-4B6C-BA51-9B56046960E0}.Release|x64.Deploy.0 = Release|x64
		{57C0D1A6-BD0A-4B6C-BA51-9B56046960E0}.Release|x86.ActiveCfg = Release|x86
		{57C0D1A6-BD0A-4B6C-BA51-9B56046960E0}.Release|x86.Build.0 = Release|x86
		{57C0D1A6-BD0A-4B6C-BA51-9B56046960E0}.Release|x86.Deploy.0 = Release|x86
		{DBDC4201-40F3-4066-AEAA-A42590EF5F2A}.Debug|Any CPU.ActiveCfg = Debug|Any CPU
		{DBDC4201-40F3-4066-AEAA-A42590EF5F2A}.Debug|Any CPU.Build.0 = Debug|Any CPU
		{DBDC4201-40F3-4066-AEAA-A42590EF5F2A}.Debug|Any CPU.Deploy.0 = Debug|Any CPU
		{DBDC4201-40F3-4066-AEAA-A42590EF5F2A}.Debug|ARM.ActiveCfg = Debug|ARM
		{DBDC4201-40F3-4066-AEAA-A42590EF5F2A}.Debug|ARM.Build.0 = Debug|ARM
		{DBDC4201-40F3-4066-AEAA-A42590EF5F2A}.Debug|ARM.Deploy.0 = Debug|ARM
		{DBDC4201-40F3-4066-AEAA-A42590EF5F2A}.Debug|Mixed Platforms.ActiveCfg = Debug|x86
		{DBDC4201-40F3-4066-AEAA-A42590EF5F2A}.Debug|Mixed Platforms.Build.0 = Debug|x86
		{DBDC4201-40F3-4066-AEAA-A42590EF5F2A}.Debug|Mixed Platforms.Deploy.0 = Debug|x86
		{DBDC4201-40F3-4066-AEAA-A42590EF5F2A}.Debug|x64.ActiveCfg = Debug|x64
		{DBDC4201-40F3-4066-AEAA-A42590EF5F2A}.Debug|x64.Build.0 = Debug|x64
		{DBDC4201-40F3-4066-AEAA-A42590EF5F2A}.Debug|x64.Deploy.0 = Debug|x64
		{DBDC4201-40F3-4066-AEAA-A42590EF5F2A}.Debug|x86.ActiveCfg = Debug|x86
		{DBDC4201-40F3-4066-AEAA-A42590EF5F2A}.Debug|x86.Build.0 = Debug|x86
		{DBDC4201-40F3-4066-AEAA-A42590EF5F2A}.Debug|x86.Deploy.0 = Debug|x86
		{DBDC4201-40F3-4066-AEAA-A42590EF5F2A}.Release|Any CPU.ActiveCfg = Release|Any CPU
		{DBDC4201-40F3-4066-AEAA-A42590EF5F2A}.Release|Any CPU.Build.0 = Release|Any CPU
		{DBDC4201-40F3-4066-AEAA-A42590EF5F2A}.Release|Any CPU.Deploy.0 = Release|Any CPU
		{DBDC4201-40F3-4066-AEAA-A42590EF5F2A}.Release|ARM.ActiveCfg = Release|ARM
		{DBDC4201-40F3-4066-AEAA-A42590EF5F2A}.Release|ARM.Build.0 = Release|ARM
		{DBDC4201-40F3-4066-AEAA-A42590EF5F2A}.Release|ARM.Deploy.0 = Release|ARM
		{DBDC4201-40F3-4066-AEAA-A42590EF5F2A}.Release|Mixed Platforms.ActiveCfg = Release|x86
		{DBDC4201-40F3-4066-AEAA-A42590EF5F2A}.Release|Mixed Platforms.Build.0 = Release|x86
		{DBDC4201-40F3-4066-AEAA-A42590EF5F2A}.Release|Mixed Platforms.Deploy.0 = Release|x86
		{DBDC4201-40F3-4066-AEAA-A42590EF5F2A}.Release|x64.ActiveCfg = Release|x64
		{DBDC4201-40F3-4066-AEAA-A42590EF5F2A}.Release|x64.Build.0 = Release|x64
		{DBDC4201-40F3-4066-AEAA-A42590EF5F2A}.Release|x64.Deploy.0 = Release|x64
		{DBDC4201-40F3-4066-AEAA-A42590EF5F2A}.Release|x86.ActiveCfg = Release|x86
		{DBDC4201-40F3-4066-AEAA-A42590EF5F2A}.Release|x86.Build.0 = Release|x86
		{DBDC4201-40F3-4066-AEAA-A42590EF5F2A}.Release|x86.Deploy.0 = Release|x86
	EndGlobalSection
	GlobalSection(SolutionProperties) = preSolution
		HideSolutionNode = FALSE
	EndGlobalSection
	GlobalSection(NestedProjects) = preSolution
		{446BCAB8-3FCF-4360-AF03-584B99DCF75B} = {86C98058-4823-419B-96AF-9FF3418D3B38}
		{6AA66346-7AEB-4EB7-B41B-C5E8882A2F94} = {86C98058-4823-419B-96AF-9FF3418D3B38}
		{86613DB4-2A14-4ED2-99B5-2036DD401D2A} = {86C98058-4823-419B-96AF-9FF3418D3B38}
		{B449B64D-62BB-4B90-8B0C-3A40BACA195B} = {86C98058-4823-419B-96AF-9FF3418D3B38}
		{5FF1DA21-887F-47D1-A17E-2E472CB88DE4} = {319C9353-6BDA-497A-AED4-CFB54CBDA001}
		{512D3D4B-736D-4C4A-94DC-0FD8F449AB8C} = {319C9353-6BDA-497A-AED4-CFB54CBDA001}
	EndGlobalSection
EndGlobal
